Microsoft Visual Studio Solution File, Format Version 12.00
# Visual Studio Version 16
VisualStudioVersion = 16.0.29613.14
MinimumVisualStudioVersion = 10.0.40219.1
Project("{8BC9CEB8-8B4A-11D0-8D11-00A0C91BC942}") = "ring-daemon", "..\daemon\build\ring-daemon.vcxproj", "{C3C7D924-4C68-35A5-9045-7F26637B6375}"
EndProject
Project("{8BC9CEB8-8B4A-11D0-8D11-00A0C91BC942}") = "ringclient_static", "..\lrc\build\ringclient_static.vcxproj", "{3D7B66E9-A446-36CC-82DA-6D662A26EAFA}"
EndProject
Project("{8BC9CEB8-8B4A-11D0-8D11-00A0C91BC942}") = "qtwrapper", "..\lrc\build\src\qtwrapper\qtwrapper.vcxproj", "{34853066-B2AD-3072-99D9-7877FA713025}"
	ProjectSection(ProjectDependencies) = postProject
		{C3C7D924-4C68-35A5-9045-7F26637B6375} = {C3C7D924-4C68-35A5-9045-7F26637B6375}
	EndProjectSection
EndProject
Project("{930C7802-8A8C-48F9-8165-68863BCCD9DD}") = "JamiInstaller", "JamiInstaller\JamiInstaller.wixproj", "{DBBFBC55-1C20-4D21-AE3B-6E8B14C4FE48}"
EndProject
Project("{2150E333-8FDC-42A3-9474-1A3956D46DE8}") = "daemon", "daemon", "{B6752729-7398-46FA-9CF0-DC854C6AB8CA}"
EndProject
Project("{2150E333-8FDC-42A3-9474-1A3956D46DE8}") = "lrc", "lrc", "{31F92F98-3580-445D-A3DA-D081B427A562}"
EndProject
Project("{2150E333-8FDC-42A3-9474-1A3956D46DE8}") = "client", "client", "{1ECB5BD6-B3A0-4135-BA3F-48FC367B61C9}"
EndProject
Project("{8BC9CEB8-8B4A-11D0-8D11-00A0C91BC942}") = "jami-qt", "build\jami-qt.vcxproj", "{ED60A757-91FA-30CD-ABC3-5A1FB7696479}"
	ProjectSection(ProjectDependencies) = postProject
		{3D7B66E9-A446-36CC-82DA-6D662A26EAFA} = {3D7B66E9-A446-36CC-82DA-6D662A26EAFA}
	EndProjectSection
EndProject
Global
	GlobalSection(SolutionConfigurationPlatforms) = preSolution
		Beta|Any CPU = Beta|Any CPU
		Beta|x64 = Beta|x64
		Beta|x86 = Beta|x86
		Debug|Any CPU = Debug|Any CPU
		Debug|x64 = Debug|x64
		Debug|x86 = Debug|x86
		MinSizeRel|Any CPU = MinSizeRel|Any CPU
		MinSizeRel|x64 = MinSizeRel|x64
		MinSizeRel|x86 = MinSizeRel|x86
		Release|Any CPU = Release|Any CPU
		Release|x64 = Release|x64
		Release|x86 = Release|x86
		ReleaseCompile|Any CPU = ReleaseCompile|Any CPU
		ReleaseCompile|x64 = ReleaseCompile|x64
		ReleaseCompile|x86 = ReleaseCompile|x86
		ReleaseLib_win32|Any CPU = ReleaseLib_win32|Any CPU
		ReleaseLib_win32|x64 = ReleaseLib_win32|x64
		ReleaseLib_win32|x86 = ReleaseLib_win32|x86
		ReleaseLib|Any CPU = ReleaseLib|Any CPU
		ReleaseLib|x64 = ReleaseLib|x64
		ReleaseLib|x86 = ReleaseLib|x86
		RelWithDebInfo|Any CPU = RelWithDebInfo|Any CPU
		RelWithDebInfo|x64 = RelWithDebInfo|x64
		RelWithDebInfo|x86 = RelWithDebInfo|x86
	EndGlobalSection
	GlobalSection(ProjectConfigurationPlatforms) = postSolution
		{C3C7D924-4C68-35A5-9045-7F26637B6375}.Beta|Any CPU.ActiveCfg = ReleaseLib_win32|x64
		{C3C7D924-4C68-35A5-9045-7F26637B6375}.Beta|Any CPU.Build.0 = ReleaseLib_win32|x64
		{C3C7D924-4C68-35A5-9045-7F26637B6375}.Beta|x64.ActiveCfg = ReleaseLib_win32|x64
		{C3C7D924-4C68-35A5-9045-7F26637B6375}.Beta|x64.Build.0 = ReleaseLib_win32|x64
		{C3C7D924-4C68-35A5-9045-7F26637B6375}.Beta|x86.ActiveCfg = ReleaseLib_win32|x64
		{C3C7D924-4C68-35A5-9045-7F26637B6375}.Beta|x86.Build.0 = ReleaseLib_win32|x64
		{C3C7D924-4C68-35A5-9045-7F26637B6375}.Debug|Any CPU.ActiveCfg = ReleaseLib_win32|x64
		{C3C7D924-4C68-35A5-9045-7F26637B6375}.Debug|Any CPU.Build.0 = ReleaseLib_win32|x64
		{C3C7D924-4C68-35A5-9045-7F26637B6375}.Debug|x64.ActiveCfg = ReleaseLib_win32|x64
		{C3C7D924-4C68-35A5-9045-7F26637B6375}.Debug|x64.Build.0 = ReleaseLib_win32|x64
		{C3C7D924-4C68-35A5-9045-7F26637B6375}.Debug|x86.ActiveCfg = ReleaseLib_win32|x64
		{C3C7D924-4C68-35A5-9045-7F26637B6375}.Debug|x86.Build.0 = ReleaseLib_win32|x64
		{C3C7D924-4C68-35A5-9045-7F26637B6375}.MinSizeRel|Any CPU.ActiveCfg = ReleaseLib_win32|x64
		{C3C7D924-4C68-35A5-9045-7F26637B6375}.MinSizeRel|Any CPU.Build.0 = ReleaseLib_win32|x64
		{C3C7D924-4C68-35A5-9045-7F26637B6375}.MinSizeRel|x64.ActiveCfg = ReleaseLib_win32|x64
		{C3C7D924-4C68-35A5-9045-7F26637B6375}.MinSizeRel|x64.Build.0 = ReleaseLib_win32|x64
		{C3C7D924-4C68-35A5-9045-7F26637B6375}.MinSizeRel|x86.ActiveCfg = ReleaseLib_win32|x64
		{C3C7D924-4C68-35A5-9045-7F26637B6375}.MinSizeRel|x86.Build.0 = ReleaseLib_win32|x64
		{C3C7D924-4C68-35A5-9045-7F26637B6375}.Release|Any CPU.ActiveCfg = ReleaseLib_win32|x64
		{C3C7D924-4C68-35A5-9045-7F26637B6375}.Release|Any CPU.Build.0 = ReleaseLib_win32|x64
		{C3C7D924-4C68-35A5-9045-7F26637B6375}.Release|x64.ActiveCfg = ReleaseLib_win32|x64
		{C3C7D924-4C68-35A5-9045-7F26637B6375}.Release|x64.Build.0 = ReleaseLib_win32|x64
		{C3C7D924-4C68-35A5-9045-7F26637B6375}.Release|x86.ActiveCfg = ReleaseLib_win32|x64
		{C3C7D924-4C68-35A5-9045-7F26637B6375}.Release|x86.Build.0 = ReleaseLib_win32|x64
		{C3C7D924-4C68-35A5-9045-7F26637B6375}.ReleaseCompile|Any CPU.ActiveCfg = ReleaseLib_win32|x64
		{C3C7D924-4C68-35A5-9045-7F26637B6375}.ReleaseCompile|Any CPU.Build.0 = ReleaseLib_win32|x64
		{C3C7D924-4C68-35A5-9045-7F26637B6375}.ReleaseCompile|x64.ActiveCfg = ReleaseLib_win32|x64
		{C3C7D924-4C68-35A5-9045-7F26637B6375}.ReleaseCompile|x64.Build.0 = ReleaseLib_win32|x64
		{C3C7D924-4C68-35A5-9045-7F26637B6375}.ReleaseCompile|x86.ActiveCfg = ReleaseLib_win32|x64
		{C3C7D924-4C68-35A5-9045-7F26637B6375}.ReleaseCompile|x86.Build.0 = ReleaseLib_win32|x64
		{C3C7D924-4C68-35A5-9045-7F26637B6375}.ReleaseLib_win32|Any CPU.ActiveCfg = ReleaseLib_win32|x64
		{C3C7D924-4C68-35A5-9045-7F26637B6375}.ReleaseLib_win32|x64.ActiveCfg = ReleaseLib_win32|x64
		{C3C7D924-4C68-35A5-9045-7F26637B6375}.ReleaseLib_win32|x64.Build.0 = ReleaseLib_win32|x64
		{C3C7D924-4C68-35A5-9045-7F26637B6375}.ReleaseLib_win32|x86.ActiveCfg = ReleaseLib_win32|x64
		{C3C7D924-4C68-35A5-9045-7F26637B6375}.ReleaseLib|Any CPU.ActiveCfg = ReleaseLib_win32|x64
		{C3C7D924-4C68-35A5-9045-7F26637B6375}.ReleaseLib|Any CPU.Build.0 = ReleaseLib_win32|x64
		{C3C7D924-4C68-35A5-9045-7F26637B6375}.ReleaseLib|x64.ActiveCfg = ReleaseLib_win32|x64
		{C3C7D924-4C68-35A5-9045-7F26637B6375}.ReleaseLib|x64.Build.0 = ReleaseLib_win32|x64
		{C3C7D924-4C68-35A5-9045-7F26637B6375}.ReleaseLib|x86.ActiveCfg = ReleaseLib_win32|x64
		{C3C7D924-4C68-35A5-9045-7F26637B6375}.ReleaseLib|x86.Build.0 = ReleaseLib_win32|x64
		{C3C7D924-4C68-35A5-9045-7F26637B6375}.RelWithDebInfo|Any CPU.ActiveCfg = ReleaseLib_win32|x64
		{C3C7D924-4C68-35A5-9045-7F26637B6375}.RelWithDebInfo|Any CPU.Build.0 = ReleaseLib_win32|x64
		{C3C7D924-4C68-35A5-9045-7F26637B6375}.RelWithDebInfo|x64.ActiveCfg = ReleaseLib_win32|x64
		{C3C7D924-4C68-35A5-9045-7F26637B6375}.RelWithDebInfo|x64.Build.0 = ReleaseLib_win32|x64
		{C3C7D924-4C68-35A5-9045-7F26637B6375}.RelWithDebInfo|x86.ActiveCfg = ReleaseLib_win32|x64
		{C3C7D924-4C68-35A5-9045-7F26637B6375}.RelWithDebInfo|x86.Build.0 = ReleaseLib_win32|x64
		{3D7B66E9-A446-36CC-82DA-6D662A26EAFA}.Beta|Any CPU.ActiveCfg = Release|x64
		{3D7B66E9-A446-36CC-82DA-6D662A26EAFA}.Beta|x64.ActiveCfg = Release|x64
		{3D7B66E9-A446-36CC-82DA-6D662A26EAFA}.Beta|x64.Build.0 = Release|x64
		{3D7B66E9-A446-36CC-82DA-6D662A26EAFA}.Beta|x86.ActiveCfg = Release|x64
		{3D7B66E9-A446-36CC-82DA-6D662A26EAFA}.Debug|Any CPU.ActiveCfg = Debug|x64
		{3D7B66E9-A446-36CC-82DA-6D662A26EAFA}.Debug|x64.ActiveCfg = Debug|x64
		{3D7B66E9-A446-36CC-82DA-6D662A26EAFA}.Debug|x64.Build.0 = Debug|x64
		{3D7B66E9-A446-36CC-82DA-6D662A26EAFA}.Debug|x86.ActiveCfg = Debug|x64
		{3D7B66E9-A446-36CC-82DA-6D662A26EAFA}.MinSizeRel|Any CPU.ActiveCfg = MinSizeRel|x64
		{3D7B66E9-A446-36CC-82DA-6D662A26EAFA}.MinSizeRel|x64.ActiveCfg = MinSizeRel|x64
		{3D7B66E9-A446-36CC-82DA-6D662A26EAFA}.MinSizeRel|x64.Build.0 = MinSizeRel|x64
		{3D7B66E9-A446-36CC-82DA-6D662A26EAFA}.MinSizeRel|x86.ActiveCfg = MinSizeRel|x64
		{3D7B66E9-A446-36CC-82DA-6D662A26EAFA}.Release|Any CPU.ActiveCfg = Release|x64
		{3D7B66E9-A446-36CC-82DA-6D662A26EAFA}.Release|x64.ActiveCfg = Release|x64
		{3D7B66E9-A446-36CC-82DA-6D662A26EAFA}.Release|x64.Build.0 = Release|x64
		{3D7B66E9-A446-36CC-82DA-6D662A26EAFA}.Release|x86.ActiveCfg = Release|x64
		{3D7B66E9-A446-36CC-82DA-6D662A26EAFA}.ReleaseCompile|Any CPU.ActiveCfg = Release|x64
		{3D7B66E9-A446-36CC-82DA-6D662A26EAFA}.ReleaseCompile|Any CPU.Build.0 = Release|x64
		{3D7B66E9-A446-36CC-82DA-6D662A26EAFA}.ReleaseCompile|x64.ActiveCfg = Release|x64
		{3D7B66E9-A446-36CC-82DA-6D662A26EAFA}.ReleaseCompile|x64.Build.0 = Release|x64
		{3D7B66E9-A446-36CC-82DA-6D662A26EAFA}.ReleaseCompile|x86.ActiveCfg = Release|x64
		{3D7B66E9-A446-36CC-82DA-6D662A26EAFA}.ReleaseCompile|x86.Build.0 = Release|x64
		{3D7B66E9-A446-36CC-82DA-6D662A26EAFA}.ReleaseLib_win32|Any CPU.ActiveCfg = RelWithDebInfo|x64
		{3D7B66E9-A446-36CC-82DA-6D662A26EAFA}.ReleaseLib_win32|Any CPU.Build.0 = RelWithDebInfo|x64
		{3D7B66E9-A446-36CC-82DA-6D662A26EAFA}.ReleaseLib_win32|x64.ActiveCfg = Release|x64
		{3D7B66E9-A446-36CC-82DA-6D662A26EAFA}.ReleaseLib_win32|x64.Build.0 = Release|x64
		{3D7B66E9-A446-36CC-82DA-6D662A26EAFA}.ReleaseLib_win32|x86.ActiveCfg = RelWithDebInfo|x64
		{3D7B66E9-A446-36CC-82DA-6D662A26EAFA}.ReleaseLib_win32|x86.Build.0 = RelWithDebInfo|x64
		{3D7B66E9-A446-36CC-82DA-6D662A26EAFA}.ReleaseLib|Any CPU.ActiveCfg = RelWithDebInfo|x64
		{3D7B66E9-A446-36CC-82DA-6D662A26EAFA}.ReleaseLib|Any CPU.Build.0 = RelWithDebInfo|x64
		{3D7B66E9-A446-36CC-82DA-6D662A26EAFA}.ReleaseLib|x64.ActiveCfg = Release|x64
		{3D7B66E9-A446-36CC-82DA-6D662A26EAFA}.ReleaseLib|x64.Build.0 = Release|x64
		{3D7B66E9-A446-36CC-82DA-6D662A26EAFA}.ReleaseLib|x86.ActiveCfg = MinSizeRel|x64
		{3D7B66E9-A446-36CC-82DA-6D662A26EAFA}.ReleaseLib|x86.Build.0 = MinSizeRel|x64
		{3D7B66E9-A446-36CC-82DA-6D662A26EAFA}.RelWithDebInfo|Any CPU.ActiveCfg = RelWithDebInfo|x64
		{3D7B66E9-A446-36CC-82DA-6D662A26EAFA}.RelWithDebInfo|x64.ActiveCfg = RelWithDebInfo|x64
		{3D7B66E9-A446-36CC-82DA-6D662A26EAFA}.RelWithDebInfo|x64.Build.0 = RelWithDebInfo|x64
		{3D7B66E9-A446-36CC-82DA-6D662A26EAFA}.RelWithDebInfo|x86.ActiveCfg = RelWithDebInfo|x64
		{34853066-B2AD-3072-99D9-7877FA713025}.Beta|Any CPU.ActiveCfg = Release|x64
		{34853066-B2AD-3072-99D9-7877FA713025}.Beta|x64.ActiveCfg = Release|x64
		{34853066-B2AD-3072-99D9-7877FA713025}.Beta|x64.Build.0 = Release|x64
		{34853066-B2AD-3072-99D9-7877FA713025}.Beta|x86.ActiveCfg = Release|x64
		{34853066-B2AD-3072-99D9-7877FA713025}.Debug|Any CPU.ActiveCfg = Debug|x64
		{34853066-B2AD-3072-99D9-7877FA713025}.Debug|x64.ActiveCfg = Debug|x64
		{34853066-B2AD-3072-99D9-7877FA713025}.Debug|x64.Build.0 = Debug|x64
		{34853066-B2AD-3072-99D9-7877FA713025}.Debug|x86.ActiveCfg = Debug|x64
		{34853066-B2AD-3072-99D9-7877FA713025}.MinSizeRel|Any CPU.ActiveCfg = MinSizeRel|x64
		{34853066-B2AD-3072-99D9-7877FA713025}.MinSizeRel|x64.ActiveCfg = MinSizeRel|x64
		{34853066-B2AD-3072-99D9-7877FA713025}.MinSizeRel|x64.Build.0 = MinSizeRel|x64
		{34853066-B2AD-3072-99D9-7877FA713025}.MinSizeRel|x86.ActiveCfg = MinSizeRel|x64
		{34853066-B2AD-3072-99D9-7877FA713025}.Release|Any CPU.ActiveCfg = Release|x64
		{34853066-B2AD-3072-99D9-7877FA713025}.Release|x64.ActiveCfg = Release|x64
		{34853066-B2AD-3072-99D9-7877FA713025}.Release|x64.Build.0 = Release|x64
		{34853066-B2AD-3072-99D9-7877FA713025}.Release|x86.ActiveCfg = Release|x64
		{34853066-B2AD-3072-99D9-7877FA713025}.ReleaseCompile|Any CPU.ActiveCfg = Release|x64
		{34853066-B2AD-3072-99D9-7877FA713025}.ReleaseCompile|Any CPU.Build.0 = Release|x64
		{34853066-B2AD-3072-99D9-7877FA713025}.ReleaseCompile|x64.ActiveCfg = Release|x64
		{34853066-B2AD-3072-99D9-7877FA713025}.ReleaseCompile|x64.Build.0 = Release|x64
		{34853066-B2AD-3072-99D9-7877FA713025}.ReleaseCompile|x86.ActiveCfg = Release|x64
		{34853066-B2AD-3072-99D9-7877FA713025}.ReleaseCompile|x86.Build.0 = Release|x64
		{34853066-B2AD-3072-99D9-7877FA713025}.ReleaseLib_win32|Any CPU.ActiveCfg = RelWithDebInfo|x64
		{34853066-B2AD-3072-99D9-7877FA713025}.ReleaseLib_win32|Any CPU.Build.0 = RelWithDebInfo|x64
		{34853066-B2AD-3072-99D9-7877FA713025}.ReleaseLib_win32|x64.ActiveCfg = Release|x64
		{34853066-B2AD-3072-99D9-7877FA713025}.ReleaseLib_win32|x64.Build.0 = Release|x64
		{34853066-B2AD-3072-99D9-7877FA713025}.ReleaseLib_win32|x86.ActiveCfg = RelWithDebInfo|x64
		{34853066-B2AD-3072-99D9-7877FA713025}.ReleaseLib_win32|x86.Build.0 = RelWithDebInfo|x64
		{34853066-B2AD-3072-99D9-7877FA713025}.ReleaseLib|Any CPU.ActiveCfg = RelWithDebInfo|x64
		{34853066-B2AD-3072-99D9-7877FA713025}.ReleaseLib|Any CPU.Build.0 = RelWithDebInfo|x64
		{34853066-B2AD-3072-99D9-7877FA713025}.ReleaseLib|x64.ActiveCfg = Release|x64
		{34853066-B2AD-3072-99D9-7877FA713025}.ReleaseLib|x64.Build.0 = Release|x64
		{34853066-B2AD-3072-99D9-7877FA713025}.ReleaseLib|x86.ActiveCfg = MinSizeRel|x64
		{34853066-B2AD-3072-99D9-7877FA713025}.ReleaseLib|x86.Build.0 = MinSizeRel|x64
		{34853066-B2AD-3072-99D9-7877FA713025}.RelWithDebInfo|Any CPU.ActiveCfg = RelWithDebInfo|x64
		{34853066-B2AD-3072-99D9-7877FA713025}.RelWithDebInfo|x64.ActiveCfg = RelWithDebInfo|x64
		{34853066-B2AD-3072-99D9-7877FA713025}.RelWithDebInfo|x64.Build.0 = RelWithDebInfo|x64
		{34853066-B2AD-3072-99D9-7877FA713025}.RelWithDebInfo|x86.ActiveCfg = RelWithDebInfo|x64
		{DBBFBC55-1C20-4D21-AE3B-6E8B14C4FE48}.Beta|Any CPU.ActiveCfg = Release|x64
		{DBBFBC55-1C20-4D21-AE3B-6E8B14C4FE48}.Beta|x64.ActiveCfg = Beta|x64
		{DBBFBC55-1C20-4D21-AE3B-6E8B14C4FE48}.Beta|x64.Build.0 = Beta|x64
		{DBBFBC55-1C20-4D21-AE3B-6E8B14C4FE48}.Beta|x86.ActiveCfg = Release|x64
		{DBBFBC55-1C20-4D21-AE3B-6E8B14C4FE48}.Debug|Any CPU.ActiveCfg = Beta|x64
		{DBBFBC55-1C20-4D21-AE3B-6E8B14C4FE48}.Debug|Any CPU.Build.0 = Beta|x64
		{DBBFBC55-1C20-4D21-AE3B-6E8B14C4FE48}.Debug|x64.ActiveCfg = Beta|x64
		{DBBFBC55-1C20-4D21-AE3B-6E8B14C4FE48}.Debug|x64.Build.0 = Beta|x64
		{DBBFBC55-1C20-4D21-AE3B-6E8B14C4FE48}.Debug|x86.ActiveCfg = Beta|x64
		{DBBFBC55-1C20-4D21-AE3B-6E8B14C4FE48}.Debug|x86.Build.0 = Beta|x64
		{DBBFBC55-1C20-4D21-AE3B-6E8B14C4FE48}.MinSizeRel|Any CPU.ActiveCfg = Beta|x64
		{DBBFBC55-1C20-4D21-AE3B-6E8B14C4FE48}.MinSizeRel|Any CPU.Build.0 = Beta|x64
		{DBBFBC55-1C20-4D21-AE3B-6E8B14C4FE48}.MinSizeRel|x64.ActiveCfg = Beta|x64
		{DBBFBC55-1C20-4D21-AE3B-6E8B14C4FE48}.MinSizeRel|x64.Build.0 = Beta|x64
		{DBBFBC55-1C20-4D21-AE3B-6E8B14C4FE48}.MinSizeRel|x86.ActiveCfg = Beta|x64
		{DBBFBC55-1C20-4D21-AE3B-6E8B14C4FE48}.MinSizeRel|x86.Build.0 = Beta|x64
		{DBBFBC55-1C20-4D21-AE3B-6E8B14C4FE48}.Release|Any CPU.ActiveCfg = Release|x64
		{DBBFBC55-1C20-4D21-AE3B-6E8B14C4FE48}.Release|x64.ActiveCfg = Release|x64
		{DBBFBC55-1C20-4D21-AE3B-6E8B14C4FE48}.Release|x64.Build.0 = Release|x64
		{DBBFBC55-1C20-4D21-AE3B-6E8B14C4FE48}.Release|x86.ActiveCfg = Release|x64
		{DBBFBC55-1C20-4D21-AE3B-6E8B14C4FE48}.ReleaseCompile|Any CPU.ActiveCfg = Release|x64
		{DBBFBC55-1C20-4D21-AE3B-6E8B14C4FE48}.ReleaseCompile|Any CPU.Build.0 = Release|x64
		{DBBFBC55-1C20-4D21-AE3B-6E8B14C4FE48}.ReleaseCompile|x64.ActiveCfg = Release|x64
		{DBBFBC55-1C20-4D21-AE3B-6E8B14C4FE48}.ReleaseCompile|x64.Build.0 = Release|x64
		{DBBFBC55-1C20-4D21-AE3B-6E8B14C4FE48}.ReleaseCompile|x86.ActiveCfg = Release|x64
		{DBBFBC55-1C20-4D21-AE3B-6E8B14C4FE48}.ReleaseCompile|x86.Build.0 = Release|x64
		{DBBFBC55-1C20-4D21-AE3B-6E8B14C4FE48}.ReleaseLib_win32|Any CPU.ActiveCfg = Release|x64
		{DBBFBC55-1C20-4D21-AE3B-6E8B14C4FE48}.ReleaseLib_win32|Any CPU.Build.0 = Release|x64
		{DBBFBC55-1C20-4D21-AE3B-6E8B14C4FE48}.ReleaseLib_win32|x64.ActiveCfg = Release|x64
		{DBBFBC55-1C20-4D21-AE3B-6E8B14C4FE48}.ReleaseLib_win32|x64.Build.0 = Release|x64
		{DBBFBC55-1C20-4D21-AE3B-6E8B14C4FE48}.ReleaseLib_win32|x86.ActiveCfg = Release|x64
		{DBBFBC55-1C20-4D21-AE3B-6E8B14C4FE48}.ReleaseLib_win32|x86.Build.0 = Release|x64
		{DBBFBC55-1C20-4D21-AE3B-6E8B14C4FE48}.ReleaseLib|Any CPU.ActiveCfg = Release|x64
		{DBBFBC55-1C20-4D21-AE3B-6E8B14C4FE48}.ReleaseLib|Any CPU.Build.0 = Release|x64
		{DBBFBC55-1C20-4D21-AE3B-6E8B14C4FE48}.ReleaseLib|x64.ActiveCfg = Release|x64
		{DBBFBC55-1C20-4D21-AE3B-6E8B14C4FE48}.ReleaseLib|x64.Build.0 = Release|x64
		{DBBFBC55-1C20-4D21-AE3B-6E8B14C4FE48}.ReleaseLib|x86.ActiveCfg = Release|x64
		{DBBFBC55-1C20-4D21-AE3B-6E8B14C4FE48}.ReleaseLib|x86.Build.0 = Release|x64
		{DBBFBC55-1C20-4D21-AE3B-6E8B14C4FE48}.RelWithDebInfo|Any CPU.ActiveCfg = Beta|x64
		{DBBFBC55-1C20-4D21-AE3B-6E8B14C4FE48}.RelWithDebInfo|Any CPU.Build.0 = Beta|x64
		{DBBFBC55-1C20-4D21-AE3B-6E8B14C4FE48}.RelWithDebInfo|x64.ActiveCfg = Release|x64
		{DBBFBC55-1C20-4D21-AE3B-6E8B14C4FE48}.RelWithDebInfo|x64.Build.0 = Release|x64
		{DBBFBC55-1C20-4D21-AE3B-6E8B14C4FE48}.RelWithDebInfo|x86.ActiveCfg = Beta|x64
		{DBBFBC55-1C20-4D21-AE3B-6E8B14C4FE48}.RelWithDebInfo|x86.Build.0 = Beta|x64
		{ED60A757-91FA-30CD-ABC3-5A1FB7696479}.Beta|Any CPU.ActiveCfg = RelWithDebInfo|x64
		{ED60A757-91FA-30CD-ABC3-5A1FB7696479}.Beta|Any CPU.Build.0 = RelWithDebInfo|x64
		{ED60A757-91FA-30CD-ABC3-5A1FB7696479}.Beta|x64.ActiveCfg = RelWithDebInfo|x64
		{ED60A757-91FA-30CD-ABC3-5A1FB7696479}.Beta|x64.Build.0 = RelWithDebInfo|x64
		{ED60A757-91FA-30CD-ABC3-5A1FB7696479}.Beta|x86.ActiveCfg = RelWithDebInfo|x64
		{ED60A757-91FA-30CD-ABC3-5A1FB7696479}.Beta|x86.Build.0 = RelWithDebInfo|x64
		{ED60A757-91FA-30CD-ABC3-5A1FB7696479}.Debug|Any CPU.ActiveCfg = Debug|x64
		{ED60A757-91FA-30CD-ABC3-5A1FB7696479}.Debug|x64.ActiveCfg = Debug|x64
		{ED60A757-91FA-30CD-ABC3-5A1FB7696479}.Debug|x64.Build.0 = Debug|x64
		{ED60A757-91FA-30CD-ABC3-5A1FB7696479}.Debug|x86.ActiveCfg = Debug|x64
		{ED60A757-91FA-30CD-ABC3-5A1FB7696479}.MinSizeRel|Any CPU.ActiveCfg = MinSizeRel|x64
		{ED60A757-91FA-30CD-ABC3-5A1FB7696479}.MinSizeRel|x64.ActiveCfg = MinSizeRel|x64
		{ED60A757-91FA-30CD-ABC3-5A1FB7696479}.MinSizeRel|x64.Build.0 = MinSizeRel|x64
		{ED60A757-91FA-30CD-ABC3-5A1FB7696479}.MinSizeRel|x86.ActiveCfg = MinSizeRel|x64
		{ED60A757-91FA-30CD-ABC3-5A1FB7696479}.Release|Any CPU.ActiveCfg = Release|x64
		{ED60A757-91FA-30CD-ABC3-5A1FB7696479}.Release|x64.ActiveCfg = Release|x64
		{ED60A757-91FA-30CD-ABC3-5A1FB7696479}.Release|x64.Build.0 = Release|x64
		{ED60A757-91FA-30CD-ABC3-5A1FB7696479}.Release|x86.ActiveCfg = Release|x64
		{ED60A757-91FA-30CD-ABC3-5A1FB7696479}.ReleaseCompile|Any CPU.ActiveCfg = RelWithDebInfo|x64
		{ED60A757-91FA-30CD-ABC3-5A1FB7696479}.ReleaseCompile|Any CPU.Build.0 = RelWithDebInfo|x64
		{ED60A757-91FA-30CD-ABC3-5A1FB7696479}.ReleaseCompile|x64.ActiveCfg = Release|x64
		{ED60A757-91FA-30CD-ABC3-5A1FB7696479}.ReleaseCompile|x64.Build.0 = Release|x64
		{ED60A757-91FA-30CD-ABC3-5A1FB7696479}.ReleaseCompile|x86.ActiveCfg = RelWithDebInfo|x64
		{ED60A757-91FA-30CD-ABC3-5A1FB7696479}.ReleaseCompile|x86.Build.0 = RelWithDebInfo|x64
		{ED60A757-91FA-30CD-ABC3-5A1FB7696479}.ReleaseLib_win32|Any CPU.ActiveCfg = RelWithDebInfo|x64
		{ED60A757-91FA-30CD-ABC3-5A1FB7696479}.ReleaseLib_win32|Any CPU.Build.0 = RelWithDebInfo|x64
		{ED60A757-91FA-30CD-ABC3-5A1FB7696479}.ReleaseLib_win32|x64.ActiveCfg = Release|x64
		{ED60A757-91FA-30CD-ABC3-5A1FB7696479}.ReleaseLib_win32|x64.Build.0 = Release|x64
		{ED60A757-91FA-30CD-ABC3-5A1FB7696479}.ReleaseLib_win32|x86.ActiveCfg = RelWithDebInfo|x64
		{ED60A757-91FA-30CD-ABC3-5A1FB7696479}.ReleaseLib_win32|x86.Build.0 = RelWithDebInfo|x64
		{ED60A757-91FA-30CD-ABC3-5A1FB7696479}.ReleaseLib|Any CPU.ActiveCfg = RelWithDebInfo|x64
		{ED60A757-91FA-30CD-ABC3-5A1FB7696479}.ReleaseLib|Any CPU.Build.0 = RelWithDebInfo|x64
		{ED60A757-91FA-30CD-ABC3-5A1FB7696479}.ReleaseLib|x64.ActiveCfg = Release|x64
		{ED60A757-91FA-30CD-ABC3-5A1FB7696479}.ReleaseLib|x64.Build.0 = Release|x64
		{ED60A757-91FA-30CD-ABC3-5A1FB7696479}.ReleaseLib|x86.ActiveCfg = RelWithDebInfo|x64
		{ED60A757-91FA-30CD-ABC3-5A1FB7696479}.ReleaseLib|x86.Build.0 = RelWithDebInfo|x64
		{ED60A757-91FA-30CD-ABC3-5A1FB7696479}.RelWithDebInfo|Any CPU.ActiveCfg = RelWithDebInfo|x64
		{ED60A757-91FA-30CD-ABC3-5A1FB7696479}.RelWithDebInfo|x64.ActiveCfg = RelWithDebInfo|x64
		{ED60A757-91FA-30CD-ABC3-5A1FB7696479}.RelWithDebInfo|x64.Build.0 = RelWithDebInfo|x64
		{ED60A757-91FA-30CD-ABC3-5A1FB7696479}.RelWithDebInfo|x86.ActiveCfg = RelWithDebInfo|x64
	EndGlobalSection
	GlobalSection(SolutionProperties) = preSolution
		HideSolutionNode = FALSE
	EndGlobalSection
	GlobalSection(NestedProjects) = preSolution
		{C3C7D924-4C68-35A5-9045-7F26637B6375} = {B6752729-7398-46FA-9CF0-DC854C6AB8CA}
		{3D7B66E9-A446-36CC-82DA-6D662A26EAFA} = {31F92F98-3580-445D-A3DA-D081B427A562}
		{34853066-B2AD-3072-99D9-7877FA713025} = {31F92F98-3580-445D-A3DA-D081B427A562}
		{DBBFBC55-1C20-4D21-AE3B-6E8B14C4FE48} = {1ECB5BD6-B3A0-4135-BA3F-48FC367B61C9}
		{ED60A757-91FA-30CD-ABC3-5A1FB7696479} = {1ECB5BD6-B3A0-4135-BA3F-48FC367B61C9}
	EndGlobalSection
	GlobalSection(ExtensibilityGlobals) = postSolution
		SolutionGuid = {5C2901E8-26FE-444A-A80E-02AF8147CD34}
	EndGlobalSection
EndGlobal
